{
  "name": "ehipay-website",
  "version": "1.0.0",
  "lockfileVersion": 3,
  "requires": true,
  "packages": {
    "": {
      "name": "ehipay-website",
      "version": "1.0.0",
      "license": "MIT",
      "devDependencies": {
        "live-server": "^1.2.2",
        "serve": "^14.2.1"
      }
    }
  }
}