{
  "name": "ehipay-backend",
  "version": "1.0.0",
  "lockfileVersion": 3,
  "requires": true,
  "packages": {
    "": {
      "name": "ehipay-backend",
      "version": "1.0.0",
      "dependencies": {
        "cors": "^2.8.5",
        "dotenv": "^16.3.1",
        "express": "^4.18.2",
        "node-fetch": "^3.3.1"
      }
    }
  },
  "dependencies": {
    "cors": {
      "version": "2.8.5",
      "resolved": "https://registry.npmjs.org/cors/-/cors-2.8.5.tgz",
      "integrity": "sha512-+lYqJHvWTRT+HCwR8nh+q6pDxX6dKk5E38G2+wx4uVbgXODlqprkIhC2kZlXbQwX4Olxq8msyZ8L6BTkp6gUQA=="
    },
    "dotenv": {
      "version": "16.3.1",
      "resolved": "https://registry.npmjs.org/dotenv/-/dotenv-16.3.1.tgz",
      "integrity": "sha512-/oX6f7DD90yXj0X+wn3b+Q4po6x3+Ajj9lLg3pG+3mY1kCXDqPS+b6TL0ThxS3C3O4qq+3pH3h81tYEDCvphTg=="
    },
    "express": {
      "version": "4.18.2",
      "resolved": "https://registry.npmjs.org/express/-/express-4.18.2.tgz",
      "integrity": "sha512-LT2S6JgZ3nMeZk6sXkN4rQv8Gfb0l0vVjqPX+e3n2V7CwU2rC2u07cBz7S0BpP8fcnZ9B9NlxrINdXSP9R7O9g==",
      "dependencies": {
        "accepts": "~1.3.8",
        "array-flatten": "1.1.1",
        "body-parser": "1.20.2",
        "content-disposition": "0.5.4",
        "content-type": "~1.0.4",
        "cookie": "0.6.4",
        "cookie-signature": "1.0.6",
        "debug": "2.6.9",
        "depd": "~2.0.0",
        "encodeurl": "~1.0.2",
        "escape-html": "~1.0.3",
        "etag": "~1.8.1",
        "finalhandler": "1.2.0",
        "fresh": "0.5.2",
        "merge-descriptors": "1.0.1",
        "methods": "~1.1.2",
        "on-finished": "~2.4.1",
        "parseurl": "~1.3.3",
        "path-to-regexp": "0.1.7",
        "proxy-addr": "~2.0.7",
        "qs": "6.11.1",
        "range-parser": "~1.2.1",
        "safe-buffer": "5.2.1",
        "send": "0.18.0",
        "serve-static": "1.15.0",
        "setprototypeof": "1.2.0",
        "statuses": "~2.0.1",
        "type-is": "~1.6.18",
        "utils-merge": "1.0.1",
        "vary": "~1.1.2"
      }
    },
    "node-fetch": {
      "version": "3.3.1",
      "resolved": "https://registry.npmjs.org/node-fetch/-/node-fetch-3.3.1.tgz",
      "integrity": "sha512-U6gKb8WZfjJj+Z5XfI7cMNHX2jDp6K6jv3SP2oBmm94q7/9WJ9Lw1+aO6h7p2Qq19hPMO/XzG6+u/tS0X+2H5g=="
    }
  }
}
